# This file is autogenerated, do not edit; changes may be undone by the next 'dep ensure'.


[[projects]]
  name = "github.com/daviddengcn/go-colortext"
  packages = ["."]
  revision = "17e75f6184bc9e727756cd0d82e0af58b1fc7191"
  version = "1.0.0"

[solve-meta]
  analyzer-name = "dep"
  analyzer-version = 1
  inputs-digest = "fe202a69e7ec2f999de0fcc95a2920ca3788c60406e1883db14638ff2d2e35c9"
  solver-name = "gps-cdcl"
  solver-version = 1
